
Microsoft Visual Studio Solution File, Format Version 12.00
# Visual Studio Version 17
VisualStudioVersion = 17.11.35312.102
MinimumVisualStudioVersion = 10.0.40219.1
Project("{9A19103F-16F7-4668-BE54-9A1E7A4F7556}") = "HelloWPF", "HelloWPF\HelloWPF.csproj", "{61DB76ED-8248-4428-962F-4F35CD0CA27D}"
EndProject
Project("{FAE04EC0-301F-11D3-BF4B-00C04F79EFBC}") = "UseStaticResource", "UseStaticResource\UseStaticResource.csproj", "{B1B332F2-75DB-474A-A00B-034D858E24BD}"
EndProject
Global
	GlobalSection(SolutionConfigurationPlatforms) = preSolution
		Debug|Any CPU = Debug|Any CPU
		Release|Any CPU = Release|Any CPU
	EndGlobalSection
	GlobalSection(ProjectConfigurationPlatforms) = postSolution
		{61DB76ED-8248-4428-962F-4F35CD0CA27D}.Debug|Any CPU.ActiveCfg = Debug|Any CPU
		{61DB76ED-8248-4428-962F-4F35CD0CA27D}.Debug|Any CPU.Build.0 = Debug|Any CPU
		{61DB76ED-8248-4428-962F-4F35CD0CA27D}.Release|Any CPU.ActiveCfg = Release|Any CPU
		{61DB76ED-8248-4428-962F-4F35CD0CA27D}.Release|Any CPU.Build.0 = Release|Any CPU
		{B1B332F2-75DB-474A-A00B-034D858E24BD}.Debug|Any CPU.ActiveCfg = Debug|Any CPU
		{B1B332F2-75DB-474A-A00B-034D858E24BD}.Debug|Any CPU.Build.0 = Debug|Any CPU
		{B1B332F2-75DB-474A-A00B-034D858E24BD}.Release|Any CPU.ActiveCfg = Release|Any CPU
		{B1B332F2-75DB-474A-A00B-034D858E24BD}.Release|Any CPU.Build.0 = Release|Any CPU
	EndGlobalSection
	GlobalSection(SolutionProperties) = preSolution
		HideSolutionNode = FALSE
	EndGlobalSection
	GlobalSection(ExtensibilityGlobals) = postSolution
		SolutionGuid = {C6EF78A2-CDD7-4E51-9E26-FB63B260A8CE}
	EndGlobalSection
EndGlobal
